// !$*UTF8*$!
{
	archiveVersion = 1;
	classes = {
	};
	objectVersion = 55;
	objects = {

/* Begin PBXBuildFile section */
		3911CB45BABB9AA77BB91C13 /* Pods_Network_API.framework in Frameworks */ = {isa = PBXBuildFile; fileRef = C8DC45DAA03D389ADAF72CF2 /* Pods_Network_API.framework */; };
		CE0531D92883479B0065BD16 /* CharacterDM.swift in Sources */ = {isa = PBXBuildFile; fileRef = CE0531D82883479B0065BD16 /* CharacterDM.swift */; };
		CE0531DB288347CE0065BD16 /* LocationDM.swift in Sources */ = {isa = PBXBuildFile; fileRef = CE0531DA288347CE0065BD16 /* LocationDM.swift */; };
		CE0531DE28834B520065BD16 /* CharacterTVC.swift in Sources */ = {isa = PBXBuildFile; fileRef = CE0531DC28834B520065BD16 /* CharacterTVC.swift */; };
		CE0531DF28834B520065BD16 /* CharacterTVC.xib in Resources */ = {isa = PBXBuildFile; fileRef = CE0531DD28834B520065BD16 /* CharacterTVC.xib */; };
		CE21FF152882E3950053FC6D /* ModelVC.swift in Sources */ = {isa = PBXBuildFile; fileRef = CE21FF132882E3950053FC6D /* ModelVC.swift */; };
		CE21FF162882E3950053FC6D /* ModelVC.xib in Resources */ = {isa = PBXBuildFile; fileRef = CE21FF142882E3950053FC6D /* ModelVC.xib */; };
		CE98B45328827AFC00ACA063 /* AppDelegate.swift in Sources */ = {isa = PBXBuildFile; fileRef = CE98B45228827AFC00ACA063 /* AppDelegate.swift */; };
		CE98B45C28827AFF00ACA063 /* Assets.xcassets in Resources */ = {isa = PBXBuildFile; fileRef = CE98B45B28827AFF00ACA063 /* Assets.xcassets */; };
		CE98B45F28827AFF00ACA063 /* LaunchScreen.storyboard in Resources */ = {isa = PBXBuildFile; fileRef = CE98B45D28827AFF00ACA063 /* LaunchScreen.storyboard */; };
		CE98B46828827D6D00ACA063 /* MainVC.swift in Sources */ = {isa = PBXBuildFile; fileRef = CE98B46628827D6D00ACA063 /* MainVC.swift */; };
		CE98B46928827D6D00ACA063 /* MainVC.xib in Resources */ = {isa = PBXBuildFile; fileRef = CE98B46728827D6D00ACA063 /* MainVC.xib */; };
/* End PBXBuildFile section */

/* Begin PBXFileReference section */
		94C3BFF624E2822FD319C5CD /* Pods-Network_API.release.xcconfig */ = {isa = PBXFileReference; includeInIndex = 1; lastKnownFileType = text.xcconfig; name = "Pods-Network_API.release.xcconfig"; path = "Target Support Files/Pods-Network_API/Pods-Network_API.release.xcconfig"; sourceTree = "<group>"; };
		C8DC45DAA03D389ADAF72CF2 /* Pods_Network_API.framework */ = {isa = PBXFileReference; explicitFileType = wrapper.framework; includeInIndex = 0; path = Pods_Network_API.framework; sourceTree = BUILT_PRODUCTS_DIR; };
		CE0531D82883479B0065BD16 /* CharacterDM.swift */ = {isa = PBXFileReference; lastKnownFileType = sourcecode.swift; path = CharacterDM.swift; sourceTree = "<group>"; };
		CE0531DA288347CE0065BD16 /* LocationDM.swift */ = {isa = PBXFileReference; lastKnownFileType = sourcecode.swift; path = LocationDM.swift; sourceTree = "<group>"; };
		CE0531DC28834B520065BD16 /* CharacterTVC.swift */ = {isa = PBXFileReference; lastKnownFileType = sourcecode.swift; path = CharacterTVC.swift; sourceTree = "<group>"; };
		CE0531DD28834B520065BD16 /* CharacterTVC.xib */ = {isa = PBXFileReference; lastKnownFileType = file.xib; path = CharacterTVC.xib; sourceTree = "<group>"; };
		CE21FF132882E3950053FC6D /* ModelVC.swift */ = {isa = PBXFileReference; lastKnownFileType = sourcecode.swift; path = ModelVC.swift; sourceTree = "<group>"; };
		CE21FF142882E3950053FC6D /* ModelVC.xib */ = {isa = PBXFileReference; lastKnownFileType = file.xib; path = ModelVC.xib; sourceTree = "<group>"; };
		CE98B44F28827AFC00ACA063 /* Network_API.app */ = {isa = PBXFileReference; explicitFileType = wrapper.application; includeInIndex = 0; path = Network_API.app; sourceTree = BUILT_PRODUCTS_DIR; };
		CE98B45228827AFC00ACA063 /* AppDelegate.swift */ = {isa = PBXFileReference; lastKnownFileType = sourcecode.swift; path = AppDelegate.swift; sourceTree = "<group>"; };
		CE98B45B28827AFF00ACA063 /* Assets.xcassets */ = {isa = PBXFileReference; lastKnownFileType = folder.assetcatalog; path = Assets.xcassets; sourceTree = "<group>"; };
		CE98B45E28827AFF00ACA063 /* Base */ = {isa = PBXFileReference; lastKnownFileType = file.storyboard; name = Base; path = Base.lproj/LaunchScreen.storyboard; sourceTree = "<group>"; };
		CE98B46028827AFF00ACA063 /* Info.plist */ = {isa = PBXFileReference; lastKnownFileType = text.plist.xml; path = Info.plist; sourceTree = "<group>"; };
		CE98B46628827D6D00ACA063 /* MainVC.swift */ = {isa = PBXFileReference; lastKnownFileType = sourcecode.swift; path = MainVC.swift; sourceTree = "<group>"; };
		CE98B46728827D6D00ACA063 /* MainVC.xib */ = {isa = PBXFileReference; lastKnownFileType = file.xib; path = MainVC.xib; sourceTree = "<group>"; };
		D23DC7D91B3595B2BD272143 /* Pods-Network_API.debug.xcconfig */ = {isa = PBXFileReference; includeInIndex = 1; lastKnownFileType = text.xcconfig; name = "Pods-Network_API.debug.xcconfig"; path = "Target Support Files/Pods-Network_API/Pods-Network_API.debug.xcconfig"; sourceTree = "<group>"; };
/* End PBXFileReference section */

/* Begin PBXFrameworksBuildPhase section */
		CE98B44C28827AFC00ACA063 /* Frameworks */ = {
			isa = PBXFrameworksBuildPhase;
			buildActionMask = 2147483647;
			files = (
				3911CB45BABB9AA77BB91C13 /* Pods_Network_API.framework in Frameworks */,
			);
			runOnlyForDeploymentPostprocessing = 0;
		};
/* End PBXFrameworksBuildPhase section */

/* Begin PBXGroup section */
		55458232E8C7CD454C27F6E3 /* Pods */ = {
			isa = PBXGroup;
			children = (
				D23DC7D91B3595B2BD272143 /* Pods-Network_API.debug.xcconfig */,
				94C3BFF624E2822FD319C5CD /* Pods-Network_API.release.xcconfig */,
			);
			path = Pods;
			sourceTree = "<group>";
		};
		CE21FF172882F5400053FC6D /* Model */ = {
			isa = PBXGroup;
			children = (
				CE0531D82883479B0065BD16 /* CharacterDM.swift */,
				CE0531DA288347CE0065BD16 /* LocationDM.swift */,
			);
			path = Model;
			sourceTree = "<group>";
		};
		CE21FF182882F5480053FC6D /* Controller */ = {
			isa = PBXGroup;
			children = (
				CE21FF1C2882F5C90053FC6D /* TVC */,
				CE98B46628827D6D00ACA063 /* MainVC.swift */,
				CE21FF132882E3950053FC6D /* ModelVC.swift */,
			);
			path = Controller;
			sourceTree = "<group>";
		};
		CE21FF192882F5730053FC6D /* View */ = {
			isa = PBXGroup;
			children = (
				CE21FF1D2882F5D80053FC6D /* TVC */,
				CE98B46728827D6D00ACA063 /* MainVC.xib */,
				CE21FF142882E3950053FC6D /* ModelVC.xib */,
			);
			path = View;
			sourceTree = "<group>";
		};
		CE21FF1A2882F5810053FC6D /* Root */ = {
			isa = PBXGroup;
			children = (
				CE98B45228827AFC00ACA063 /* AppDelegate.swift */,
			);
			path = Root;
			sourceTree = "<group>";
		};
		CE21FF1B2882F58D0053FC6D /* Helpers */ = {
			isa = PBXGroup;
			children = (
			);
			path = Helpers;
			sourceTree = "<group>";
		};
		CE21FF1C2882F5C90053FC6D /* TVC */ = {
			isa = PBXGroup;
			children = (
				CE0531DC28834B520065BD16 /* CharacterTVC.swift */,
			);
			path = TVC;
			sourceTree = "<group>";
		};
		CE21FF1D2882F5D80053FC6D /* TVC */ = {
			isa = PBXGroup;
			children = (
				CE0531DD28834B520065BD16 /* CharacterTVC.xib */,
			);
			path = TVC;
			sourceTree = "<group>";
		};
		CE98B44628827AFC00ACA063 = {
			isa = PBXGroup;
			children = (
				CE98B45128827AFC00ACA063 /* Network_API */,
				CE98B45028827AFC00ACA063 /* Products */,
				55458232E8C7CD454C27F6E3 /* Pods */,
				DE1240CABADDC831ACB0B28D /* Frameworks */,
			);
			sourceTree = "<group>";
		};
		CE98B45028827AFC00ACA063 /* Products */ = {
			isa = PBXGroup;
			children = (
				CE98B44F28827AFC00ACA063 /* Network_API.app */,
			);
			name = Products;
			sourceTree = "<group>";
		};
		CE98B45128827AFC00ACA063 /* Network_API */ = {
			isa = PBXGroup;
			children = (
				CE21FF1A2882F5810053FC6D /* Root */,
				CE21FF172882F5400053FC6D /* Model */,
				CE21FF192882F5730053FC6D /* View */,
				CE21FF182882F5480053FC6D /* Controller */,
				CE21FF1B2882F58D0053FC6D /* Helpers */,
				CE98B45B28827AFF00ACA063 /* Assets.xcassets */,
				CE98B45D28827AFF00ACA063 /* LaunchScreen.storyboard */,
				CE98B46028827AFF00ACA063 /* Info.plist */,
			);
			path = Network_API;
			sourceTree = "<group>";
		};
		DE1240CABADDC831ACB0B28D /* Frameworks */ = {
			isa = PBXGroup;
			children = (
				C8DC45DAA03D389ADAF72CF2 /* Pods_Network_API.framework */,
			);
			name = Frameworks;
			sourceTree = "<group>";
		};
/* End PBXGroup section */

/* Begin PBXNativeTarget section */
		CE98B44E28827AFC00ACA063 /* Network_API */ = {
			isa = PBXNativeTarget;
			buildConfigurationList = CE98B46328827AFF00ACA063 /* Build configuration list for PBXNativeTarget "Network_API" */;
			buildPhases = (
				6A41AE8E88C98734D7D97A42 /* [CP] Check Pods Manifest.lock */,
				CE98B44B28827AFC00ACA063 /* Sources */,
				CE98B44C28827AFC00ACA063 /* Frameworks */,
				CE98B44D28827AFC00ACA063 /* Resources */,
				A330EBDE612CC792237DFBD2 /* [CP] Embed Pods Frameworks */,
			);
			buildRules = (
			);
			dependencies = (
			);
			name = Network_API;
			productName = Network_API;
			productReference = CE98B44F28827AFC00ACA063 /* Network_API.app */;
			productType = "com.apple.product-type.application";
		};
/* End PBXNativeTarget section */

/* Begin PBXProject section */
		CE98B44728827AFC00ACA063 /* Project object */ = {
			isa = PBXProject;
			attributes = {
				BuildIndependentTargetsInParallel = 1;
				LastSwiftUpdateCheck = 1340;
				LastUpgradeCheck = 1340;
				TargetAttributes = {
					CE98B44E28827AFC00ACA063 = {
						CreatedOnToolsVersion = 13.4.1;
					};
				};
			};
			buildConfigurationList = CE98B44A28827AFC00ACA063 /* Build configuration list for PBXProject "Network_API" */;
			compatibilityVersion = "Xcode 13.0";
			developmentRegion = en;
			hasScannedForEncodings = 0;
			knownRegions = (
				en,
				Base,
			);
			mainGroup = CE98B44628827AFC00ACA063;
			productRefGroup = CE98B45028827AFC00ACA063 /* Products */;
			projectDirPath = "";
			projectRoot = "";
			targets = (
				CE98B44E28827AFC00ACA063 /* Network_API */,
			);
		};
/* End PBXProject section */

/* Begin PBXResourcesBuildPhase section */
		CE98B44D28827AFC00ACA063 /* Resources */ = {
			isa = PBXResourcesBuildPhase;
			buildActionMask = 2147483647;
			files = (
				CE98B46928827D6D00ACA063 /* MainVC.xib in Resources */,
				CE98B45F28827AFF00ACA063 /* LaunchScreen.storyboard in Resources */,
				CE0531DF28834B520065BD16 /* CharacterTVC.xib in Resources */,
				CE98B45C28827AFF00ACA063 /* Assets.xcassets in Resources */,
				CE21FF162882E3950053FC6D /* ModelVC.xib in Resources */,
			);
			runOnlyForDeploymentPostprocessing = 0;
		};
/* End PBXResourcesBuildPhase section */

/* Begin PBXShellScriptBuildPhase section */
		6A41AE8E88C98734D7D97A42 /* [CP] Check Pods Manifest.lock */ = {
			isa = PBXShellScriptBuildPhase;
			buildActionMask = 2147483647;
			files = (
			);
			inputFileListPaths = (
			);
			inputPaths = (
				"${PODS_PODFILE_DIR_PATH}/Podfile.lock",
				"${PODS_ROOT}/Manifest.lock",
			);
			name = "[CP] Check Pods Manifest.lock";
			outputFileListPaths = (
			);
			outputPaths = (
				"$(DERIVED_FILE_DIR)/Pods-Network_API-checkManifestLockResult.txt",
			);
			runOnlyForDeploymentPostprocessing = 0;
			shellPath = /bin/sh;
			shellScript = "diff \"${PODS_PODFILE_DIR_PATH}/Podfile.lock\" \"${PODS_ROOT}/Manifest.lock\" > /dev/null\nif [ $? != 0 ] ; then\n    # print error to STDERR\n    echo \"error: The sandbox is not in sync with the Podfile.lock. Run 'pod install' or update your CocoaPods installation.\" >&2\n    exit 1\nfi\n# This output is used by Xcode 'outputs' to avoid re-running this script phase.\necho \"SUCCESS\" > \"${SCRIPT_OUTPUT_FILE_0}\"\n";
			showEnvVarsInLog = 0;
		};
		A330EBDE612CC792237DFBD2 /* [CP] Embed Pods Frameworks */ = {
			isa = PBXShellScriptBuildPhase;
			buildActionMask = 2147483647;
			files = (
			);
			inputFileListPaths = (
				"${PODS_ROOT}/Target Support Files/Pods-Network_API/Pods-Network_API-frameworks-${CONFIGURATION}-input-files.xcfilelist",
			);
			name = "[CP] Embed Pods Frameworks";
			outputFileListPaths = (
				"${PODS_ROOT}/Target Support Files/Pods-Network_API/Pods-Network_API-frameworks-${CONFIGURATION}-output-files.xcfilelist",
			);
			runOnlyForDeploymentPostprocessing = 0;
			shellPath = /bin/sh;
			shellScript = "\"${PODS_ROOT}/Target Support Files/Pods-Network_API/Pods-Network_API-frameworks.sh\"\n";
			showEnvVarsInLog = 0;
		};
/* End PBXShellScriptBuildPhase section */

/* Begin PBXSourcesBuildPhase section */
		CE98B44B28827AFC00ACA063 /* Sources */ = {
			isa = PBXSourcesBuildPhase;
			buildActionMask = 2147483647;
			files = (
				CE0531D92883479B0065BD16 /* CharacterDM.swift in Sources */,
				CE0531DB288347CE0065BD16 /* LocationDM.swift in Sources */,
				CE21FF152882E3950053FC6D /* ModelVC.swift in Sources */,
				CE98B45328827AFC00ACA063 /* AppDelegate.swift in Sources */,
				CE98B46828827D6D00ACA063 /* MainVC.swift in Sources */,
				CE0531DE28834B520065BD16 /* CharacterTVC.swift in Sources */,
			);
			runOnlyForDeploymentPostprocessing = 0;
		};
/* End PBXSourcesBuildPhase section */

/* Begin PBXVariantGroup section */
		CE98B45D28827AFF00ACA063 /* LaunchScreen.storyboard */ = {
			isa = PBXVariantGroup;
			children = (
				CE98B45E28827AFF00ACA063 /* Base */,
			);
			name = LaunchScreen.storyboard;
			sourceTree = "<group>";
		};
/* End PBXVariantGroup section */

/* Begin XCBuildConfiguration section */
		CE98B46128827AFF00ACA063 /* Debug */ = {
			isa = XCBuildConfiguration;
			buildSettings = {
				ALWAYS_SEARCH_USER_PATHS = NO;
				CLANG_ANALYZER_NONNULL = YES;
				CLANG_ANALYZER_NUMBER_OBJECT_CONVERSION = YES_AGGRESSIVE;
				CLANG_CXX_LANGUAGE_STANDARD = "gnu++17";
				CLANG_ENABLE_MODULES = YES;
				CLANG_ENABLE_OBJC_ARC = YES;
				CLANG_ENABLE_OBJC_WEAK = YES;
				CLANG_WARN_BLOCK_CAPTURE_AUTORELEASING = YES;
				CLANG_WARN_BOOL_CONVERSION = YES;
				CLANG_WARN_COMMA = YES;
				CLANG_WARN_CONSTANT_CONVERSION = YES;
				CLANG_WARN_DEPRECATED_OBJC_IMPLEMENTATIONS = YES;
				CLANG_WARN_DIRECT_OBJC_ISA_USAGE = YES_ERROR;
				CLANG_WARN_DOCUMENTATION_COMMENTS = YES;
				CLANG_WARN_EMPTY_BODY = YES;
				CLANG_WARN_ENUM_CONVERSION = YES;
				CLANG_WARN_INFINITE_RECURSION = YES;
				CLANG_WARN_INT_CONVERSION = YES;
				CLANG_WARN_NON_LITERAL_NULL_CONVERSION = YES;
				CLANG_WARN_OBJC_IMPLICIT_RETAIN_SELF = YES;
				CLANG_WARN_OBJC_LITERAL_CONVERSION = YES;
				CLANG_WARN_OBJC_ROOT_CLASS = YES_ERROR;
				CLANG_WARN_QUOTED_INCLUDE_IN_FRAMEWORK_HEADER = YES;
				CLANG_WARN_RANGE_LOOP_ANALYSIS = YES;
				CLANG_WARN_STRICT_PROTOTYPES = YES;
				CLANG_WARN_SUSPICIOUS_MOVE = YES;
				CLANG_WARN_UNGUARDED_AVAILABILITY = YES_AGGRESSIVE;
				CLANG_WARN_UNREACHABLE_CODE = YES;
				CLANG_WARN__DUPLICATE_METHOD_MATCH = YES;
				COPY_PHASE_STRIP = NO;
				DEBUG_INFORMATION_FORMAT = dwarf;
				ENABLE_STRICT_OBJC_MSGSEND = YES;
				ENABLE_TESTABILITY = YES;
				GCC_C_LANGUAGE_STANDARD = gnu11;
				GCC_DYNAMIC_NO_PIC = NO;
				GCC_NO_COMMON_BLOCKS = YES;
				GCC_OPTIMIZATION_LEVEL = 0;
				GCC_PREPROCESSOR_DEFINITIONS = (
					"DEBUG=1",
					"$(inherited)",
				);
				GCC_WARN_64_TO_32_BIT_CONVERSION = YES;
				GCC_WARN_ABOUT_RETURN_TYPE = YES_ERROR;
				GCC_WARN_UNDECLARED_SELECTOR = YES;
				GCC_WARN_UNINITIALIZED_AUTOS = YES_AGGRESSIVE;
				GCC_WARN_UNUSED_FUNCTION = YES;
				GCC_WARN_UNUSED_VARIABLE = YES;
				IPHONEOS_DEPLOYMENT_TARGET = 15.5;
				MTL_ENABLE_DEBUG_INFO = INCLUDE_SOURCE;
				MTL_FAST_MATH = YES;
				ONLY_ACTIVE_ARCH = YES;
				SDKROOT = iphoneos;
				SWIFT_ACTIVE_COMPILATION_CONDITIONS = DEBUG;
				SWIFT_OPTIMIZATION_LEVEL = "-Onone";
			};
			name = Debug;
		};
		CE98B46228827AFF00ACA063 /* Release */ = {
			isa = XCBuildConfiguration;
			buildSettings = {
				ALWAYS_SEARCH_USER_PATHS = NO;
				CLANG_ANALYZER_NONNULL = YES;
				CLANG_ANALYZER_NUMBER_OBJECT_CONVERSION = YES_AGGRESSIVE;
				CLANG_CXX_LANGUAGE_STANDARD = "gnu++17";
				CLANG_ENABLE_MODULES = YES;
				CLANG_ENABLE_OBJC_ARC = YES;
				CLANG_ENABLE_OBJC_WEAK = YES;
				CLANG_WARN_BLOCK_CAPTURE_AUTORELEASING = YES;
				CLANG_WARN_BOOL_CONVERSION = YES;
				CLANG_WARN_COMMA = YES;
				CLANG_WARN_CONSTANT_CONVERSION = YES;
				CLANG_WARN_DEPRECATED_OBJC_IMPLEMENTATIONS = YES;
				CLANG_WARN_DIRECT_OBJC_ISA_USAGE = YES_ERROR;
				CLANG_WARN_DOCUMENTATION_COMMENTS = YES;
				CLANG_WARN_EMPTY_BODY = YES;
				CLANG_WARN_ENUM_CONVERSION = YES;
				CLANG_WARN_INFINITE_RECURSION = YES;
				CLANG_WARN_INT_CONVERSION = YES;
				CLANG_WARN_NON_LITERAL_NULL_CONVERSION = YES;
				CLANG_WARN_OBJC_IMPLICIT_RETAIN_SELF = YES;
				CLANG_WARN_OBJC_LITERAL_CONVERSION = YES;
				CLANG_WARN_OBJC_ROOT_CLASS = YES_ERROR;
				CLANG_WARN_QUOTED_INCLUDE_IN_FRAMEWORK_HEADER = YES;
				CLANG_WARN_RANGE_LOOP_ANALYSIS = YES;
				CLANG_WARN_STRICT_PROTOTYPES = YES;
				CLANG_WARN_SUSPICIOUS_MOVE = YES;
				CLANG_WARN_UNGUARDED_AVAILABILITY = YES_AGGRESSIVE;
				CLANG_WARN_UNREACHABLE_CODE = YES;
				CLANG_WARN__DUPLICATE_METHOD_MATCH = YES;
				COPY_PHASE_STRIP = NO;
				DEBUG_INFORMATION_FORMAT = "dwarf-with-dsym";
				ENABLE_NS_ASSERTIONS = NO;
				ENABLE_STRICT_OBJC_MSGSEND = YES;
				GCC_C_LANGUAGE_STANDARD = gnu11;
				GCC_NO_COMMON_BLOCKS = YES;
				GCC_WARN_64_TO_32_BIT_CONVERSION = YES;
				GCC_WARN_ABOUT_RETURN_TYPE = YES_ERROR;
				GCC_WARN_UNDECLARED_SELECTOR = YES;
				GCC_WARN_UNINITIALIZED_AUTOS = YES_AGGRESSIVE;
				GCC_WARN_UNUSED_FUNCTION = YES;
				GCC_WARN_UNUSED_VARIABLE = YES;
				IPHONEOS_DEPLOYMENT_TARGET = 15.5;
				MTL_ENABLE_DEBUG_INFO = NO;
				MTL_FAST_MATH = YES;
				SDKROOT = iphoneos;
				SWIFT_COMPILATION_MODE = wholemodule;
				SWIFT_OPTIMIZATION_LEVEL = "-O";
				VALIDATE_PRODUCT = YES;
			};
			name = Release;
		};
		CE98B46428827AFF00ACA063 /* Debug */ = {
			isa = XCBuildConfiguration;
			baseConfigurationReference = D23DC7D91B3595B2BD272143 /* Pods-Network_API.debug.xcconfig */;
			buildSettings = {
				ASSETCATALOG_COMPILER_APPICON_NAME = AppIcon;
				ASSETCATALOG_COMPILER_GLOBAL_ACCENT_COLOR_NAME = AccentColor;
				CODE_SIGN_STYLE = Automatic;
				CURRENT_PROJECT_VERSION = 1;
				DEVELOPMENT_TEAM = A4RR9KM5L4;
				GENERATE_INFOPLIST_FILE = YES;
				INFOPLIST_FILE = Network_API/Info.plist;
				INFOPLIST_KEY_UIApplicationSupportsIndirectInputEvents = YES;
				INFOPLIST_KEY_UILaunchStoryboardName = LaunchScreen;
				INFOPLIST_KEY_UISupportedInterfaceOrientations_iPad = "UIInterfaceOrientationPortrait UIInterfaceOrientationPortraitUpsideDown UIInterfaceOrientationLandscapeLeft UIInterfaceOrientationLandscapeRight";
				INFOPLIST_KEY_UISupportedInterfaceOrientations_iPhone = "UIInterfaceOrientationPortrait UIInterfaceOrientationLandscapeLeft UIInterfaceOrientationLandscapeRight";
				IPHONEOS_DEPLOYMENT_TARGET = 13.0;
				LD_RUNPATH_SEARCH_PATHS = (
					"$(inherited)",
					"@executable_path/Frameworks",
				);
				MARKETING_VERSION = 1.0;
				PRODUCT_BUNDLE_IDENTIFIER = "-.Network-API";
				PRODUCT_NAME = "$(TARGET_NAME)";
				SWIFT_EMIT_LOC_STRINGS = YES;
				SWIFT_VERSION = 5.0;
				TARGETED_DEVICE_FAMILY = 1;
			};
			name = Debug;
		};
		CE98B46528827AFF00ACA063 /* Release */ = {
			isa = XCBuildConfiguration;
			baseConfigurationReference = 94C3BFF624E2822FD319C5CD /* Pods-Network_API.release.xcconfig */;
			buildSettings = {
				ASSETCATALOG_COMPILER_APPICON_NAME = AppIcon;
				ASSETCATALOG_COMPILER_GLOBAL_ACCENT_COLOR_NAME = AccentColor;
				CODE_SIGN_STYLE = Automatic;
				CURRENT_PROJECT_VERSION = 1;
				DEVELOPMENT_TEAM = A4RR9KM5L4;
				GENERATE_INFOPLIST_FILE = YES;
				INFOPLIST_FILE = Network_API/Info.plist;
				INFOPLIST_KEY_UIApplicationSupportsIndirectInputEvents = YES;
				INFOPLIST_KEY_UILaunchStoryboardName = LaunchScreen;
				INFOPLIST_KEY_UISupportedInterfaceOrientations_iPad = "UIInterfaceOrientationPortrait UIInterfaceOrientationPortraitUpsideDown UIInterfaceOrientationLandscapeLeft UIInterfaceOrientationLandscapeRight";
				INFOPLIST_KEY_UISupportedInterfaceOrientations_iPhone = "UIInterfaceOrientationPortrait UIInterfaceOrientationLandscapeLeft UIInterfaceOrientationLandscapeRight";
				IPHONEOS_DEPLOYMENT_TARGET = 13.0;
				LD_RUNPATH_SEARCH_PATHS = (
					"$(inherited)",
					"@executable_path/Frameworks",
				);
				MARKETING_VERSION = 1.0;
				PRODUCT_BUNDLE_IDENTIFIER = "-.Network-API";
				PRODUCT_NAME = "$(TARGET_NAME)";
				SWIFT_EMIT_LOC_STRINGS = YES;
				SWIFT_VERSION = 5.0;
				TARGETED_DEVICE_FAMILY = 1;
			};
			name = Release;
		};
/* End XCBuildConfiguration section */

/* Begin XCConfigurationList section */
		CE98B44A28827AFC00ACA063 /* Build configuration list for PBXProject "Network_API" */ = {
			isa = XCConfigurationList;
			buildConfigurations = (
				CE98B46128827AFF00ACA063 /* Debug */,
				CE98B46228827AFF00ACA063 /* Release */,
			);
			defaultConfigurationIsVisible = 0;
			defaultConfigurationName = Release;
		};
		CE98B46328827AFF00ACA063 /* Build configuration list for PBXNativeTarget "Network_API" */ = {
			isa = XCConfigurationList;
			buildConfigurations = (
				CE98B46428827AFF00ACA063 /* Debug */,
				CE98B46528827AFF00ACA063 /* Release */,
			);
			defaultConfigurationIsVisible = 0;
			defaultConfigurationName = Release;
		};
/* End XCConfigurationList section */
	};
	rootObject = CE98B44728827AFC00ACA063 /* Project object */;
}
